
Microsoft Visual Studio Solution File, Format Version 12.00
# Visual Studio 15
VisualStudioVersion = 15.0.27004.2010
MinimumVisualStudioVersion = 10.0.40219.1
Project("{FAE04EC0-301F-11D3-BF4B-00C04F79EFBC}") = "LogoFX.Client.Mvvm.ViewModel.Platform.UWP", "LogoFX.Client.Mvvm.ViewModel.Platform\uwp\LogoFX.Client.Mvvm.ViewModel.Platform.UWP.csproj", "{5830102C-BF7D-468B-8866-27C4250DFA87}"
EndProject
Project("{2150E333-8FDC-42A3-9474-1A3956D46DE8}") = "Tests", "Tests", "{EB39E626-B49B-4589-A028-1F993711C058}"
EndProject
Project("{9A19103F-16F7-4668-BE54-9A1E7A4F7556}") = "LogoFX.Client.Mvvm.ViewModel.NETStandard13", "LogoFX.Client.Mvvm.ViewModel\netstandard1.3\LogoFX.Client.Mvvm.ViewModel.NETStandard13.csproj", "{6EEBB37E-317F-47EB-B7EB-09B0FBAEB266}"
EndProject
Project("{9A19103F-16F7-4668-BE54-9A1E7A4F7556}") = "LogoFX.Client.Mvvm.ViewModel.Contracts.NETStandard13", "LogoFX.Client.Mvvm.ViewModel.Contracts\netstandard1.3\LogoFX.Client.Mvvm.ViewModel.Contracts.NETStandard13.csproj", "{5F4DB75F-7A02-4814-AE79-36AE4F646BAA}"
EndProject
Project("{FAE04EC0-301F-11D3-BF4B-00C04F79EFBC}") = "LogoFX.Client.Mvvm.ViewModel.Tests.NETStandard13", "LogoFX.Client.Mvvm.ViewModel.Tests.NETStandard13\LogoFX.Client.Mvvm.ViewModel.Tests.NETStandard13.csproj", "{57B4CF0C-AA56-495A-B6B0-42F3A8FBC6EC}"
EndProject
Project("{9A19103F-16F7-4668-BE54-9A1E7A4F7556}") = "LogoFX.Client.Mvvm.ViewModel.Contracts.NETStandard20", "LogoFX.Client.Mvvm.ViewModel.Contracts\netstandard2.0\LogoFX.Client.Mvvm.ViewModel.Contracts.NETStandard20.csproj", "{F58C7F64-1161-4BA3-8936-4200ED92F9A2}"
EndProject
Project("{9A19103F-16F7-4668-BE54-9A1E7A4F7556}") = "LogoFX.Client.Mvvm.ViewModel.NETStandard20", "LogoFX.Client.Mvvm.ViewModel\netstandard2.0\LogoFX.Client.Mvvm.ViewModel.NETStandard20.csproj", "{CECD871A-8AF1-45BC-86CE-56B0B1B8611B}"
EndProject
Project("{FAE04EC0-301F-11D3-BF4B-00C04F79EFBC}") = "LogoFX.Client.Mvvm.ViewModel.Tests.NETStandard20", "LogoFX.Client.Mvvm.ViewModel.Tests.NETStandard20\LogoFX.Client.Mvvm.ViewModel.Tests.NETStandard20.csproj", "{1FBFE2A6-1549-40D9-B792-052E4D742C64}"
EndProject
Project("{FAE04EC0-301F-11D3-BF4B-00C04F79EFBC}") = "LogoFX.Client.Mvvm.ViewModel.Platform.NET", "LogoFX.Client.Mvvm.ViewModel.Platform\net\LogoFX.Client.Mvvm.ViewModel.Platform.NET.csproj", "{E96CB49C-8AA8-4CBC-B143-4C4DA11998F5}"
EndProject
Project("{2150E333-8FDC-42A3-9474-1A3956D46DE8}") = "External", "External", "{8923691D-C8AD-45A5-929F-F3244AF32D54}"
EndProject
Project("{9A19103F-16F7-4668-BE54-9A1E7A4F7556}") = "LogoFX.Core.NETStandard20", "..\..\logofx-core\src\LogoFX.Core\netstandard2.0\LogoFX.Core.NETStandard20.csproj", "{575EC3E1-6110-4E9A-B1D5-B26BED8A9846}"
EndProject
Project("{9A19103F-16F7-4668-BE54-9A1E7A4F7556}") = "LogoFX.Client.Mvvm.Model.Contracts.NETStandard20", "..\..\logofx-client-mvvm-model\src\LogoFX.Client.Mvvm.Model.Contracts\netstandard2.0\LogoFX.Client.Mvvm.Model.Contracts.NETStandard20.csproj", "{2E221910-0B7D-4ADC-9333-FB9A3AB9F190}"
EndProject
Project("{9A19103F-16F7-4668-BE54-9A1E7A4F7556}") = "LogoFX.Client.Mvvm.Model.NETStandard20", "..\..\logofx-client-mvvm-model\src\LogoFX.Client.Mvvm.Model\netstandard2.0\LogoFX.Client.Mvvm.Model.NETStandard20.csproj", "{8E9A5F47-87BA-42C6-BF3F-6ADEB045304C}"
EndProject
Global
	GlobalSection(SolutionConfigurationPlatforms) = preSolution
		Debug|Any CPU = Debug|Any CPU
		Debug|ARM = Debug|ARM
		Debug|x64 = Debug|x64
		Debug|x86 = Debug|x86
		Release|Any CPU = Release|Any CPU
		Release|ARM = Release|ARM
		Release|x64 = Release|x64
		Release|x86 = Release|x86
	EndGlobalSection
	GlobalSection(ProjectConfigurationPlatforms) = postSolution
		{5830102C-BF7D-468B-8866-27C4250DFA87}.Debug|Any CPU.ActiveCfg = Debug|Any CPU
		{5830102C-BF7D-468B-8866-27C4250DFA87}.Debug|Any CPU.Build.0 = Debug|Any CPU
		{5830102C-BF7D-468B-8866-27C4250DFA87}.Debug|ARM.ActiveCfg = Debug|ARM
		{5830102C-BF7D-468B-8866-27C4250DFA87}.Debug|ARM.Build.0 = Debug|ARM
		{5830102C-BF7D-468B-8866-27C4250DFA87}.Debug|x64.ActiveCfg = Debug|x64
		{5830102C-BF7D-468B-8866-27C4250DFA87}.Debug|x64.Build.0 = Debug|x64
		{5830102C-BF7D-468B-8866-27C4250DFA87}.Debug|x86.ActiveCfg = Debug|x86
		{5830102C-BF7D-468B-8866-27C4250DFA87}.Debug|x86.Build.0 = Debug|x86
		{5830102C-BF7D-468B-8866-27C4250DFA87}.Release|Any CPU.ActiveCfg = Release|Any CPU
		{5830102C-BF7D-468B-8866-27C4250DFA87}.Release|Any CPU.Build.0 = Release|Any CPU
		{5830102C-BF7D-468B-8866-27C4250DFA87}.Release|ARM.ActiveCfg = Release|ARM
		{5830102C-BF7D-468B-8866-27C4250DFA87}.Release|ARM.Build.0 = Release|ARM
		{5830102C-BF7D-468B-8866-27C4250DFA87}.Release|x64.ActiveCfg = Release|x64
		{5830102C-BF7D-468B-8866-27C4250DFA87}.Release|x64.Build.0 = Release|x64
		{5830102C-BF7D-468B-8866-27C4250DFA87}.Release|x86.ActiveCfg = Release|x86
		{5830102C-BF7D-468B-8866-27C4250DFA87}.Release|x86.Build.0 = Release|x86
		{6EEBB37E-317F-47EB-B7EB-09B0FBAEB266}.Debug|Any CPU.ActiveCfg = Debug|Any CPU
		{6EEBB37E-317F-47EB-B7EB-09B0FBAEB266}.Debug|Any CPU.Build.0 = Debug|Any CPU
		{6EEBB37E-317F-47EB-B7EB-09B0FBAEB266}.Debug|ARM.ActiveCfg = Debug|Any CPU
		{6EEBB37E-317F-47EB-B7EB-09B0FBAEB266}.Debug|ARM.Build.0 = Debug|Any CPU
		{6EEBB37E-317F-47EB-B7EB-09B0FBAEB266}.Debug|x64.ActiveCfg = Debug|Any CPU
		{6EEBB37E-317F-47EB-B7EB-09B0FBAEB266}.Debug|x64.Build.0 = Debug|Any CPU
		{6EEBB37E-317F-47EB-B7EB-09B0FBAEB266}.Debug|x86.ActiveCfg = Debug|Any CPU
		{6EEBB37E-317F-47EB-B7EB-09B0FBAEB266}.Debug|x86.Build.0 = Debug|Any CPU
		{6EEBB37E-317F-47EB-B7EB-09B0FBAEB266}.Release|Any CPU.ActiveCfg = Release|Any CPU
		{6EEBB37E-317F-47EB-B7EB-09B0FBAEB266}.Release|Any CPU.Build.0 = Release|Any CPU
		{6EEBB37E-317F-47EB-B7EB-09B0FBAEB266}.Release|ARM.ActiveCfg = Release|Any CPU
		{6EEBB37E-317F-47EB-B7EB-09B0FBAEB266}.Release|ARM.Build.0 = Release|Any CPU
		{6EEBB37E-317F-47EB-B7EB-09B0FBAEB266}.Release|x64.ActiveCfg = Release|Any CPU
		{6EEBB37E-317F-47EB-B7EB-09B0FBAEB266}.Release|x64.Build.0 = Release|Any CPU
		{6EEBB37E-317F-47EB-B7EB-09B0FBAEB266}.Release|x86.ActiveCfg = Release|Any CPU
		{6EEBB37E-317F-47EB-B7EB-09B0FBAEB266}.Release|x86.Build.0 = Release|Any CPU
		{5F4DB75F-7A02-4814-AE79-36AE4F646BAA}.Debug|Any CPU.ActiveCfg = Debug|Any CPU
		{5F4DB75F-7A02-4814-AE79-36AE4F646BAA}.Debug|Any CPU.Build.0 = Debug|Any CPU
		{5F4DB75F-7A02-4814-AE79-36AE4F646BAA}.Debug|ARM.ActiveCfg = Debug|Any CPU
		{5F4DB75F-7A02-4814-AE79-36AE4F646BAA}.Debug|ARM.Build.0 = Debug|Any CPU
		{5F4DB75F-7A02-4814-AE79-36AE4F646BAA}.Debug|x64.ActiveCfg = Debug|Any CPU
		{5F4DB75F-7A02-4814-AE79-36AE4F646BAA}.Debug|x64.Build.0 = Debug|Any CPU
		{5F4DB75F-7A02-4814-AE79-36AE4F646BAA}.Debug|x86.ActiveCfg = Debug|Any CPU
		{5F4DB75F-7A02-4814-AE79-36AE4F646BAA}.Debug|x86.Build.0 = Debug|Any CPU
		{5F4DB75F-7A02-4814-AE79-36AE4F646BAA}.Release|Any CPU.ActiveCfg = Release|Any CPU
		{5F4DB75F-7A02-4814-AE79-36AE4F646BAA}.Release|Any CPU.Build.0 = Release|Any CPU
		{5F4DB75F-7A02-4814-AE79-36AE4F646BAA}.Release|ARM.ActiveCfg = Release|Any CPU
		{5F4DB75F-7A02-4814-AE79-36AE4F646BAA}.Release|ARM.Build.0 = Release|Any CPU
		{5F4DB75F-7A02-4814-AE79-36AE4F646BAA}.Release|x64.ActiveCfg = Release|Any CPU
		{5F4DB75F-7A02-4814-AE79-36AE4F646BAA}.Release|x64.Build.0 = Release|Any CPU
		{5F4DB75F-7A02-4814-AE79-36AE4F646BAA}.Release|x86.ActiveCfg = Release|Any CPU
		{5F4DB75F-7A02-4814-AE79-36AE4F646BAA}.Release|x86.Build.0 = Release|Any CPU
		{57B4CF0C-AA56-495A-B6B0-42F3A8FBC6EC}.Debug|Any CPU.ActiveCfg = Debug|Any CPU
		{57B4CF0C-AA56-495A-B6B0-42F3A8FBC6EC}.Debug|Any CPU.Build.0 = Debug|Any CPU
		{57B4CF0C-AA56-495A-B6B0-42F3A8FBC6EC}.Debug|ARM.ActiveCfg = Debug|Any CPU
		{57B4CF0C-AA56-495A-B6B0-42F3A8FBC6EC}.Debug|ARM.Build.0 = Debug|Any CPU
		{57B4CF0C-AA56-495A-B6B0-42F3A8FBC6EC}.Debug|x64.ActiveCfg = Debug|Any CPU
		{57B4CF0C-AA56-495A-B6B0-42F3A8FBC6EC}.Debug|x64.Build.0 = Debug|Any CPU
		{57B4CF0C-AA56-495A-B6B0-42F3A8FBC6EC}.Debug|x86.ActiveCfg = Debug|Any CPU
		{57B4CF0C-AA56-495A-B6B0-42F3A8FBC6EC}.Debug|x86.Build.0 = Debug|Any CPU
		{57B4CF0C-AA56-495A-B6B0-42F3A8FBC6EC}.Release|Any CPU.ActiveCfg = Release|Any CPU
		{57B4CF0C-AA56-495A-B6B0-42F3A8FBC6EC}.Release|Any CPU.Build.0 = Release|Any CPU
		{57B4CF0C-AA56-495A-B6B0-42F3A8FBC6EC}.Release|ARM.ActiveCfg = Release|Any CPU
		{57B4CF0C-AA56-495A-B6B0-42F3A8FBC6EC}.Release|ARM.Build.0 = Release|Any CPU
		{57B4CF0C-AA56-495A-B6B0-42F3A8FBC6EC}.Release|x64.ActiveCfg = Release|Any CPU
		{57B4CF0C-AA56-495A-B6B0-42F3A8FBC6EC}.Release|x64.Build.0 = Release|Any CPU
		{57B4CF0C-AA56-495A-B6B0-42F3A8FBC6EC}.Release|x86.ActiveCfg = Release|Any CPU
		{57B4CF0C-AA56-495A-B6B0-42F3A8FBC6EC}.Release|x86.Build.0 = Release|Any CPU
		{F58C7F64-1161-4BA3-8936-4200ED92F9A2}.Debug|Any CPU.ActiveCfg = Debug|Any CPU
		{F58C7F64-1161-4BA3-8936-4200ED92F9A2}.Debug|Any CPU.Build.0 = Debug|Any CPU
		{F58C7F64-1161-4BA3-8936-4200ED92F9A2}.Debug|ARM.ActiveCfg = Debug|Any CPU
		{F58C7F64-1161-4BA3-8936-4200ED92F9A2}.Debug|ARM.Build.0 = Debug|Any CPU
		{F58C7F64-1161-4BA3-8936-4200ED92F9A2}.Debug|x64.ActiveCfg = Debug|Any CPU
		{F58C7F64-1161-4BA3-8936-4200ED92F9A2}.Debug|x64.Build.0 = Debug|Any CPU
		{F58C7F64-1161-4BA3-8936-4200ED92F9A2}.Debug|x86.ActiveCfg = Debug|Any CPU
		{F58C7F64-1161-4BA3-8936-4200ED92F9A2}.Debug|x86.Build.0 = Debug|Any CPU
		{F58C7F64-1161-4BA3-8936-4200ED92F9A2}.Release|Any CPU.ActiveCfg = Release|Any CPU
		{F58C7F64-1161-4BA3-8936-4200ED92F9A2}.Release|Any CPU.Build.0 = Release|Any CPU
		{F58C7F64-1161-4BA3-8936-4200ED92F9A2}.Release|ARM.ActiveCfg = Release|Any CPU
		{F58C7F64-1161-4BA3-8936-4200ED92F9A2}.Release|ARM.Build.0 = Release|Any CPU
		{F58C7F64-1161-4BA3-8936-4200ED92F9A2}.Release|x64.ActiveCfg = Release|Any CPU
		{F58C7F64-1161-4BA3-8936-4200ED92F9A2}.Release|x64.Build.0 = Release|Any CPU
		{F58C7F64-1161-4BA3-8936-4200ED92F9A2}.Release|x86.ActiveCfg = Release|Any CPU
		{F58C7F64-1161-4BA3-8936-4200ED92F9A2}.Release|x86.Build.0 = Release|Any CPU
		{CECD871A-8AF1-45BC-86CE-56B0B1B8611B}.Debug|Any CPU.ActiveCfg = Debug|Any CPU
		{CECD871A-8AF1-45BC-86CE-56B0B1B8611B}.Debug|Any CPU.Build.0 = Debug|Any CPU
		{CECD871A-8AF1-45BC-86CE-56B0B1B8611B}.Debug|ARM.ActiveCfg = Debug|Any CPU
		{CECD871A-8AF1-45BC-86CE-56B0B1B8611B}.Debug|ARM.Build.0 = Debug|Any CPU
		{CECD871A-8AF1-45BC-86CE-56B0B1B8611B}.Debug|x64.ActiveCfg = Debug|Any CPU
		{CECD871A-8AF1-45BC-86CE-56B0B1B8611B}.Debug|x64.Build.0 = Debug|Any CPU
		{CECD871A-8AF1-45BC-86CE-56B0B1B8611B}.Debug|x86.ActiveCfg = Debug|Any CPU
		{CECD871A-8AF1-45BC-86CE-56B0B1B8611B}.Debug|x86.Build.0 = Debug|Any CPU
		{CECD871A-8AF1-45BC-86CE-56B0B1B8611B}.Release|Any CPU.ActiveCfg = Release|Any CPU
		{CECD871A-8AF1-45BC-86CE-56B0B1B8611B}.Release|Any CPU.Build.0 = Release|Any CPU
		{CECD871A-8AF1-45BC-86CE-56B0B1B8611B}.Release|ARM.ActiveCfg = Release|Any CPU
		{CECD871A-8AF1-45BC-86CE-56B0B1B8611B}.Release|ARM.Build.0 = Release|Any CPU
		{CECD871A-8AF1-45BC-86CE-56B0B1B8611B}.Release|x64.ActiveCfg = Release|Any CPU
		{CECD871A-8AF1-45BC-86CE-56B0B1B8611B}.Release|x64.Build.0 = Release|Any CPU
		{CECD871A-8AF1-45BC-86CE-56B0B1B8611B}.Release|x86.ActiveCfg = Release|Any CPU
		{CECD871A-8AF1-45BC-86CE-56B0B1B8611B}.Release|x86.Build.0 = Release|Any CPU
		{1FBFE2A6-1549-40D9-B792-052E4D742C64}.Debug|Any CPU.ActiveCfg = Debug|Any CPU
		{1FBFE2A6-1549-40D9-B792-052E4D742C64}.Debug|Any CPU.Build.0 = Debug|Any CPU
		{1FBFE2A6-1549-40D9-B792-052E4D742C64}.Debug|ARM.ActiveCfg = Debug|Any CPU
		{1FBFE2A6-1549-40D9-B792-052E4D742C64}.Debug|ARM.Build.0 = Debug|Any CPU
		{1FBFE2A6-1549-40D9-B792-052E4D742C64}.Debug|x64.ActiveCfg = Debug|Any CPU
		{1FBFE2A6-1549-40D9-B792-052E4D742C64}.Debug|x64.Build.0 = Debug|Any CPU
		{1FBFE2A6-1549-40D9-B792-052E4D742C64}.Debug|x86.ActiveCfg = Debug|Any CPU
		{1FBFE2A6-1549-40D9-B792-052E4D742C64}.Debug|x86.Build.0 = Debug|Any CPU
		{1FBFE2A6-1549-40D9-B792-052E4D742C64}.Release|Any CPU.ActiveCfg = Release|Any CPU
		{1FBFE2A6-1549-40D9-B792-052E4D742C64}.Release|Any CPU.Build.0 = Release|Any CPU
		{1FBFE2A6-1549-40D9-B792-052E4D742C64}.Release|ARM.ActiveCfg = Release|Any CPU
		{1FBFE2A6-1549-40D9-B792-052E4D742C64}.Release|ARM.Build.0 = Release|Any CPU
		{1FBFE2A6-1549-40D9-B792-052E4D742C64}.Release|x64.ActiveCfg = Release|Any CPU
		{1FBFE2A6-1549-40D9-B792-052E4D742C64}.Release|x64.Build.0 = Release|Any CPU
		{1FBFE2A6-1549-40D9-B792-052E4D742C64}.Release|x86.ActiveCfg = Release|Any CPU
		{1FBFE2A6-1549-40D9-B792-052E4D742C64}.Release|x86.Build.0 = Release|Any CPU
		{E96CB49C-8AA8-4CBC-B143-4C4DA11998F5}.Debug|Any CPU.ActiveCfg = Debug|Any CPU
		{E96CB49C-8AA8-4CBC-B143-4C4DA11998F5}.Debug|Any CPU.Build.0 = Debug|Any CPU
		{E96CB49C-8AA8-4CBC-B143-4C4DA11998F5}.Debug|ARM.ActiveCfg = Debug|Any CPU
		{E96CB49C-8AA8-4CBC-B143-4C4DA11998F5}.Debug|ARM.Build.0 = Debug|Any CPU
		{E96CB49C-8AA8-4CBC-B143-4C4DA11998F5}.Debug|x64.ActiveCfg = Debug|Any CPU
		{E96CB49C-8AA8-4CBC-B143-4C4DA11998F5}.Debug|x64.Build.0 = Debug|Any CPU
		{E96CB49C-8AA8-4CBC-B143-4C4DA11998F5}.Debug|x86.ActiveCfg = Debug|Any CPU
		{E96CB49C-8AA8-4CBC-B143-4C4DA11998F5}.Debug|x86.Build.0 = Debug|Any CPU
		{E96CB49C-8AA8-4CBC-B143-4C4DA11998F5}.Release|Any CPU.ActiveCfg = Release|Any CPU
		{E96CB49C-8AA8-4CBC-B143-4C4DA11998F5}.Release|Any CPU.Build.0 = Release|Any CPU
		{E96CB49C-8AA8-4CBC-B143-4C4DA11998F5}.Release|ARM.ActiveCfg = Release|Any CPU
		{E96CB49C-8AA8-4CBC-B143-4C4DA11998F5}.Release|ARM.Build.0 = Release|Any CPU
		{E96CB49C-8AA8-4CBC-B143-4C4DA11998F5}.Release|x64.ActiveCfg = Release|Any CPU
		{E96CB49C-8AA8-4CBC-B143-4C4DA11998F5}.Release|x64.Build.0 = Release|Any CPU
		{E96CB49C-8AA8-4CBC-B143-4C4DA11998F5}.Release|x86.ActiveCfg = Release|Any CPU
		{E96CB49C-8AA8-4CBC-B143-4C4DA11998F5}.Release|x86.Build.0 = Release|Any CPU
		{575EC3E1-6110-4E9A-B1D5-B26BED8A9846}.Debug|Any CPU.ActiveCfg = Debug|Any CPU
		{575EC3E1-6110-4E9A-B1D5-B26BED8A9846}.Debug|Any CPU.Build.0 = Debug|Any CPU
		{575EC3E1-6110-4E9A-B1D5-B26BED8A9846}.Debug|ARM.ActiveCfg = Debug|Any CPU
		{575EC3E1-6110-4E9A-B1D5-B26BED8A9846}.Debug|ARM.Build.0 = Debug|Any CPU
		{575EC3E1-6110-4E9A-B1D5-B26BED8A9846}.Debug|x64.ActiveCfg = Debug|Any CPU
		{575EC3E1-6110-4E9A-B1D5-B26BED8A9846}.Debug|x64.Build.0 = Debug|Any CPU
		{575EC3E1-6110-4E9A-B1D5-B26BED8A9846}.Debug|x86.ActiveCfg = Debug|Any CPU
		{575EC3E1-6110-4E9A-B1D5-B26BED8A9846}.Debug|x86.Build.0 = Debug|Any CPU
		{575EC3E1-6110-4E9A-B1D5-B26BED8A9846}.Release|Any CPU.ActiveCfg = Release|Any CPU
		{575EC3E1-6110-4E9A-B1D5-B26BED8A9846}.Release|Any CPU.Build.0 = Release|Any CPU
		{575EC3E1-6110-4E9A-B1D5-B26BED8A9846}.Release|ARM.ActiveCfg = Release|Any CPU
		{575EC3E1-6110-4E9A-B1D5-B26BED8A9846}.Release|ARM.Build.0 = Release|Any CPU
		{575EC3E1-6110-4E9A-B1D5-B26BED8A9846}.Release|x64.ActiveCfg = Release|Any CPU
		{575EC3E1-6110-4E9A-B1D5-B26BED8A9846}.Release|x64.Build.0 = Release|Any CPU
		{575EC3E1-6110-4E9A-B1D5-B26BED8A9846}.Release|x86.ActiveCfg = Release|Any CPU
		{575EC3E1-6110-4E9A-B1D5-B26BED8A9846}.Release|x86.Build.0 = Release|Any CPU
		{2E221910-0B7D-4ADC-9333-FB9A3AB9F190}.Debug|Any CPU.ActiveCfg = Debug|Any CPU
		{2E221910-0B7D-4ADC-9333-FB9A3AB9F190}.Debug|Any CPU.Build.0 = Debug|Any CPU
		{2E221910-0B7D-4ADC-9333-FB9A3AB9F190}.Debug|ARM.ActiveCfg = Debug|Any CPU
		{2E221910-0B7D-4ADC-9333-FB9A3AB9F190}.Debug|ARM.Build.0 = Debug|Any CPU
		{2E221910-0B7D-4ADC-9333-FB9A3AB9F190}.Debug|x64.ActiveCfg = Debug|Any CPU
		{2E221910-0B7D-4ADC-9333-FB9A3AB9F190}.Debug|x64.Build.0 = Debug|Any CPU
		{2E221910-0B7D-4ADC-9333-FB9A3AB9F190}.Debug|x86.ActiveCfg = Debug|Any CPU
		{2E221910-0B7D-4ADC-9333-FB9A3AB9F190}.Debug|x86.Build.0 = Debug|Any CPU
		{2E221910-0B7D-4ADC-9333-FB9A3AB9F190}.Release|Any CPU.ActiveCfg = Release|Any CPU
		{2E221910-0B7D-4ADC-9333-FB9A3AB9F190}.Release|Any CPU.Build.0 = Release|Any CPU
		{2E221910-0B7D-4ADC-9333-FB9A3AB9F190}.Release|ARM.ActiveCfg = Release|Any CPU
		{2E221910-0B7D-4ADC-9333-FB9A3AB9F190}.Release|ARM.Build.0 = Release|Any CPU
		{2E221910-0B7D-4ADC-9333-FB9A3AB9F190}.Release|x64.ActiveCfg = Release|Any CPU
		{2E221910-0B7D-4ADC-9333-FB9A3AB9F190}.Release|x64.Build.0 = Release|Any CPU
		{2E221910-0B7D-4ADC-9333-FB9A3AB9F190}.Release|x86.ActiveCfg = Release|Any CPU
		{2E221910-0B7D-4ADC-9333-FB9A3AB9F190}.Release|x86.Build.0 = Release|Any CPU
		{8E9A5F47-87BA-42C6-BF3F-6ADEB045304C}.Debug|Any CPU.ActiveCfg = Debug|Any CPU
		{8E9A5F47-87BA-42C6-BF3F-6ADEB045304C}.Debug|Any CPU.Build.0 = Debug|Any CPU
		{8E9A5F47-87BA-42C6-BF3F-6ADEB045304C}.Debug|ARM.ActiveCfg = Debug|Any CPU
		{8E9A5F47-87BA-42C6-BF3F-6ADEB045304C}.Debug|ARM.Build.0 = Debug|Any CPU
		{8E9A5F47-87BA-42C6-BF3F-6ADEB045304C}.Debug|x64.ActiveCfg = Debug|Any CPU
		{8E9A5F47-87BA-42C6-BF3F-6ADEB045304C}.Debug|x64.Build.0 = Debug|Any CPU
		{8E9A5F47-87BA-42C6-BF3F-6ADEB045304C}.Debug|x86.ActiveCfg = Debug|Any CPU
		{8E9A5F47-87BA-42C6-BF3F-6ADEB045304C}.Debug|x86.Build.0 = Debug|Any CPU
		{8E9A5F47-87BA-42C6-BF3F-6ADEB045304C}.Release|Any CPU.ActiveCfg = Release|Any CPU
		{8E9A5F47-87BA-42C6-BF3F-6ADEB045304C}.Release|Any CPU.Build.0 = Release|Any CPU
		{8E9A5F47-87BA-42C6-BF3F-6ADEB045304C}.Release|ARM.ActiveCfg = Release|Any CPU
		{8E9A5F47-87BA-42C6-BF3F-6ADEB045304C}.Release|ARM.Build.0 = Release|Any CPU
		{8E9A5F47-87BA-42C6-BF3F-6ADEB045304C}.Release|x64.ActiveCfg = Release|Any CPU
		{8E9A5F47-87BA-42C6-BF3F-6ADEB045304C}.Release|x64.Build.0 = Release|Any CPU
		{8E9A5F47-87BA-42C6-BF3F-6ADEB045304C}.Release|x86.ActiveCfg = Release|Any CPU
		{8E9A5F47-87BA-42C6-BF3F-6ADEB045304C}.Release|x86.Build.0 = Release|Any CPU
	EndGlobalSection
	GlobalSection(SolutionProperties) = preSolution
		HideSolutionNode = FALSE
	EndGlobalSection
	GlobalSection(NestedProjects) = preSolution
		{57B4CF0C-AA56-495A-B6B0-42F3A8FBC6EC} = {EB39E626-B49B-4589-A028-1F993711C058}
		{1FBFE2A6-1549-40D9-B792-052E4D742C64} = {EB39E626-B49B-4589-A028-1F993711C058}
		{575EC3E1-6110-4E9A-B1D5-B26BED8A9846} = {8923691D-C8AD-45A5-929F-F3244AF32D54}
		{2E221910-0B7D-4ADC-9333-FB9A3AB9F190} = {8923691D-C8AD-45A5-929F-F3244AF32D54}
		{8E9A5F47-87BA-42C6-BF3F-6ADEB045304C} = {8923691D-C8AD-45A5-929F-F3244AF32D54}
	EndGlobalSection
	GlobalSection(ExtensibilityGlobals) = postSolution
		SolutionGuid = {067F7151-E486-4B64-BF3A-57DA4F46354E}
	EndGlobalSection
EndGlobal
